// !$*UTF8*$!
{
	archiveVersion = 1;
	classes = {
	};
	objectVersion = 46;
	objects = {

/* Begin PBXBuildFile section */
		4DB653FA1D1C840C0002F17F /* AppDelegate.swift in Sources */ = {isa = PBXBuildFile; fileRef = 4DB653F91D1C840C0002F17F /* AppDelegate.swift */; };
		4DB653FC1D1C840C0002F17F /* ViewController.swift in Sources */ = {isa = PBXBuildFile; fileRef = 4DB653FB1D1C840C0002F17F /* ViewController.swift */; };
		4DB653FF1D1C840C0002F17F /* Main.storyboard in Resources */ = {isa = PBXBuildFile; fileRef = 4DB653FD1D1C840C0002F17F /* Main.storyboard */; };
		4DB654021D1C840C0002F17F /* DongerKeyboard.xcdatamodeld in Sources */ = {isa = PBXBuildFile; fileRef = 4DB654001D1C840C0002F17F /* DongerKeyboard.xcdatamodeld */; };
		4DB654041D1C840C0002F17F /* Assets.xcassets in Resources */ = {isa = PBXBuildFile; fileRef = 4DB654031D1C840C0002F17F /* Assets.xcassets */; };
		4DB654071D1C840C0002F17F /* LaunchScreen.storyboard in Resources */ = {isa = PBXBuildFile; fileRef = 4DB654051D1C840C0002F17F /* LaunchScreen.storyboard */; };
		4DB654121D1C840D0002F17F /* DongerKeyboardTests.swift in Sources */ = {isa = PBXBuildFile; fileRef = 4DB654111D1C840D0002F17F /* DongerKeyboardTests.swift */; };
		4DB6541D1D1C840D0002F17F /* DongerKeyboardUITests.swift in Sources */ = {isa = PBXBuildFile; fileRef = 4DB6541C1D1C840D0002F17F /* DongerKeyboardUITests.swift */; };
/* End PBXBuildFile section */

/* Begin PBXContainerItemProxy section */
		4DB6540E1D1C840D0002F17F /* PBXContainerItemProxy */ = {
			isa = PBXContainerItemProxy;
			containerPortal = 4DB653EE1D1C840C0002F17F /* Project object */;
			proxyType = 1;
			remoteGlobalIDString = 4DB653F51D1C840C0002F17F;
			remoteInfo = DongerKeyboard;
		};
		4DB654191D1C840D0002F17F /* PBXContainerItemProxy */ = {
			isa = PBXContainerItemProxy;
			containerPortal = 4DB653EE1D1C840C0002F17F /* Project object */;
			proxyType = 1;
			remoteGlobalIDString = 4DB653F51D1C840C0002F17F;
			remoteInfo = DongerKeyboard;
		};
/* End PBXContainerItemProxy section */

/* Begin PBXFileReference section */
		4DB653F61D1C840C0002F17F /* DongerKeyboard.app */ = {isa = PBXFileReference; explicitFileType = wrapper.application; includeInIndex = 0; path = DongerKeyboard.app; sourceTree = BUILT_PRODUCTS_DIR; };
		4DB653F91D1C840C0002F17F /* AppDelegate.swift */ = {isa = PBXFileReference; lastKnownFileType = sourcecode.swift; path = AppDelegate.swift; sourceTree = "<group>"; };
		4DB653FB1D1C840C0002F17F /* ViewController.swift */ = {isa = PBXFileReference; lastKnownFileType = sourcecode.swift; path = ViewController.swift; sourceTree = "<group>"; };
		4DB653FE1D1C840C0002F17F /* Base */ = {isa = PBXFileReference; lastKnownFileType = file.storyboard; name = Base; path = Base.lproj/Main.storyboard; sourceTree = "<group>"; };
		4DB654011D1C840C0002F17F /* DongerKeyboard.xcdatamodel */ = {isa = PBXFileReference; lastKnownFileType = wrapper.xcdatamodel; path = DongerKeyboard.xcdatamodel; sourceTree = "<group>"; };
		4DB654031D1C840C0002F17F /* Assets.xcassets */ = {isa = PBXFileReference; lastKnownFileType = folder.assetcatalog; path = Assets.xcassets; sourceTree = "<group>"; };
		4DB654061D1C840C0002F17F /* Base */ = {isa = PBXFileReference; lastKnownFileType = file.storyboard; name = Base; path = Base.lproj/LaunchScreen.storyboard; sourceTree = "<group>"; };
		4DB654081D1C840C0002F17F /* Info.plist */ = {isa = PBXFileReference; lastKnownFileType = text.plist.xml; path = Info.plist; sourceTree = "<group>"; };
		4DB6540D1D1C840D0002F17F /* DongerKeyboardTests.xctest */ = {isa = PBXFileReference; explicitFileType = wrapper.cfbundle; includeInIndex = 0; path = DongerKeyboardTests.xctest; sourceTree = BUILT_PRODUCTS_DIR; };
		4DB654111D1C840D0002F17F /* DongerKeyboardTests.swift */ = {isa = PBXFileReference; lastKnownFileType = sourcecode.swift; path = DongerKeyboardTests.swift; sourceTree = "<group>"; };
		4DB654131D1C840D0002F17F /* Info.plist */ = {isa = PBXFileReference; lastKnownFileType = text.plist.xml; path = Info.plist; sourceTree = "<group>"; };
		4DB654181D1C840D0002F17F /* DongerKeyboardUITests.xctest */ = {isa = PBXFileReference; explicitFileType = wrapper.cfbundle; includeInIndex = 0; path = DongerKeyboardUITests.xctest; sourceTree = BUILT_PRODUCTS_DIR; };
		4DB6541C1D1C840D0002F17F /* DongerKeyboardUITests.swift */ = {isa = PBXFileReference; lastKnownFileType = sourcecode.swift; path = DongerKeyboardUITests.swift; sourceTree = "<group>"; };
		4DB6541E1D1C840D0002F17F /* Info.plist */ = {isa = PBXFileReference; lastKnownFileType = text.plist.xml; path = Info.plist; sourceTree = "<group>"; };
/* End PBXFileReference section */

/* Begin PBXFrameworksBuildPhase section */
		4DB653F31D1C840C0002F17F /* Frameworks */ = {
			isa = PBXFrameworksBuildPhase;
			buildActionMask = 2147483647;
			files = (
			);
			runOnlyForDeploymentPostprocessing = 0;
		};
		4DB6540A1D1C840D0002F17F /* Frameworks */ = {
			isa = PBXFrameworksBuildPhase;
			buildActionMask = 2147483647;
			files = (
			);
			runOnlyForDeploymentPostprocessing = 0;
		};
		4DB654151D1C840D0002F17F /* Frameworks */ = {
			isa = PBXFrameworksBuildPhase;
			buildActionMask = 2147483647;
			files = (
			);
			runOnlyForDeploymentPostprocessing = 0;
		};
/* End PBXFrameworksBuildPhase section */

/* Begin PBXGroup section */
		4DB653ED1D1C840C0002F17F = {
			isa = PBXGroup;
			children = (
				4DB653F81D1C840C0002F17F /* DongerKeyboard */,
				4DB654101D1C840D0002F17F /* DongerKeyboardTests */,
				4DB6541B1D1C840D0002F17F /* DongerKeyboardUITests */,
				4DB653F71D1C840C0002F17F /* Products */,
			);
			sourceTree = "<group>";
		};
		4DB653F71D1C840C0002F17F /* Products */ = {
			isa = PBXGroup;
			children = (
				4DB653F61D1C840C0002F17F /* DongerKeyboard.app */,
				4DB6540D1D1C840D0002F17F /* DongerKeyboardTests.xctest */,
				4DB654181D1C840D0002F17F /* DongerKeyboardUITests.xctest */,
			);
			name = Products;
			sourceTree = "<group>";
		};
		4DB653F81D1C840C0002F17F /* DongerKeyboard */ = {
			isa = PBXGroup;
			children = (
				4DB653F91D1C840C0002F17F /* AppDelegate.swift */,
				4DB653FB1D1C840C0002F17F /* ViewController.swift */,
				4DB653FD1D1C840C0002F17F /* Main.storyboard */,
				4DB654031D1C840C0002F17F /* Assets.xcassets */,
				4DB654051D1C840C0002F17F /* LaunchScreen.storyboard */,
				4DB654081D1C840C0002F17F /* Info.plist */,
				4DB654001D1C840C0002F17F /* DongerKeyboard.xcdatamodeld */,
			);
			path = DongerKeyboard;
			sourceTree = "<group>";
		};
		4DB654101D1C840D0002F17F /* DongerKeyboardTests */ = {
			isa = PBXGroup;
			children = (
				4DB654111D1C840D0002F17F /* DongerKeyboardTests.swift */,
				4DB654131D1C840D0002F17F /* Info.plist */,
			);
			path = DongerKeyboardTests;
			sourceTree = "<group>";
		};
		4DB6541B1D1C840D0002F17F /* DongerKeyboardUITests */ = {
			isa = PBXGroup;
			children = (
				4DB6541C1D1C840D0002F17F /* DongerKeyboardUITests.swift */,
				4DB6541E1D1C840D0002F17F /* Info.plist */,
			);
			path = DongerKeyboardUITests;
			sourceTree = "<group>";
		};
/* End PBXGroup section */

/* Begin PBXNativeTarget section */
		4DB653F51D1C840C0002F17F /* DongerKeyboard */ = {
			isa = PBXNativeTarget;
			buildConfigurationList = 4DB654211D1C840D0002F17F /* Build configuration list for PBXNativeTarget "DongerKeyboard" */;
			buildPhases = (
				4DB653F21D1C840C0002F17F /* Sources */,
				4DB653F31D1C840C0002F17F /* Frameworks */,
				4DB653F41D1C840C0002F17F /* Resources */,
			);
			buildRules = (
			);
			dependencies = (
			);
			name = DongerKeyboard;
			productName = DongerKeyboard;
			productReference = 4DB653F61D1C840C0002F17F /* DongerKeyboard.app */;
			productType = "com.apple.product-type.application";
		};
		4DB6540C1D1C840D0002F17F /* DongerKeyboardTests */ = {
			isa = PBXNativeTarget;
			buildConfigurationList = 4DB654241D1C840D0002F17F /* Build configuration list for PBXNativeTarget "DongerKeyboardTests" */;
			buildPhases = (
				4DB654091D1C840D0002F17F /* Sources */,
				4DB6540A1D1C840D0002F17F /* Frameworks */,
				4DB6540B1D1C840D0002F17F /* Resources */,
			);
			buildRules = (
			);
			dependencies = (
				4DB6540F1D1C840D0002F17F /* PBXTargetDependency */,
			);
			name = DongerKeyboardTests;
			productName = DongerKeyboardTests;
			productReference = 4DB6540D1D1C840D0002F17F /* DongerKeyboardTests.xctest */;
			productType = "com.apple.product-type.bundle.unit-test";
		};
		4DB654171D1C840D0002F17F /* DongerKeyboardUITests */ = {
			isa = PBXNativeTarget;
			buildConfigurationList = 4DB654271D1C840D0002F17F /* Build configuration list for PBXNativeTarget "DongerKeyboardUITests" */;
			buildPhases = (
				4DB654141D1C840D0002F17F /* Sources */,
				4DB654151D1C840D0002F17F /* Frameworks */,
				4DB654161D1C840D0002F17F /* Resources */,
			);
			buildRules = (
			);
			dependencies = (
				4DB6541A1D1C840D0002F17F /* PBXTargetDependency */,
			);
			name = DongerKeyboardUITests;
			productName = DongerKeyboardUITests;
			productReference = 4DB654181D1C840D0002F17F /* DongerKeyboardUITests.xctest */;
			productType = "com.apple.product-type.bundle.ui-testing";
		};
/* End PBXNativeTarget section */

/* Begin PBXProject section */
		4DB653EE1D1C840C0002F17F /* Project object */ = {
			isa = PBXProject;
			attributes = {
				LastSwiftUpdateCheck = 0730;
				LastUpgradeCheck = 0730;
				ORGANIZATIONNAME = "Snackpack Games";
				TargetAttributes = {
					4DB653F51D1C840C0002F17F = {
						CreatedOnToolsVersion = 7.3;
					};
					4DB6540C1D1C840D0002F17F = {
						CreatedOnToolsVersion = 7.3;
						TestTargetID = 4DB653F51D1C840C0002F17F;
					};
					4DB654171D1C840D0002F17F = {
						CreatedOnToolsVersion = 7.3;
						TestTargetID = 4DB653F51D1C840C0002F17F;
					};
				};
			};
			buildConfigurationList = 4DB653F11D1C840C0002F17F /* Build configuration list for PBXProject "DongerKeyboard" */;
			compatibilityVersion = "Xcode 3.2";
			developmentRegion = English;
			hasScannedForEncodings = 0;
			knownRegions = (
				en,
				Base,
			);
			mainGroup = 4DB653ED1D1C840C0002F17F;
			productRefGroup = 4DB653F71D1C840C0002F17F /* Products */;
			projectDirPath = "";
			projectRoot = "";
			targets = (
				4DB653F51D1C840C0002F17F /* DongerKeyboard */,
				4DB6540C1D1C840D0002F17F /* DongerKeyboardTests */,
				4DB654171D1C840D0002F17F /* DongerKeyboardUITests */,
			);
		};
/* End PBXProject section */

/* Begin PBXResourcesBuildPhase section */
		4DB653F41D1C840C0002F17F /* Resources */ = {
			isa = PBXResourcesBuildPhase;
			buildActionMask = 2147483647;
			files = (
				4DB654071D1C840C0002F17F /* LaunchScreen.storyboard in Resources */,
				4DB654041D1C840C0002F17F /* Assets.xcassets in Resources */,
				4DB653FF1D1C840C0002F17F /* Main.storyboard in Resources */,
			);
			runOnlyForDeploymentPostprocessing = 0;
		};
		4DB6540B1D1C840D0002F17F /* Resources */ = {
			isa = PBXResourcesBuildPhase;
			buildActionMask = 2147483647;
			files = (
			);
			runOnlyForDeploymentPostprocessing = 0;
		};
		4DB654161D1C840D0002F17F /* Resources */ = {
			isa = PBXResourcesBuildPhase;
			buildActionMask = 2147483647;
			files = (
			);
			runOnlyForDeploymentPostprocessing = 0;
		};
/* End PBXResourcesBuildPhase section */

/* Begin PBXSourcesBuildPhase section */
		4DB653F21D1C840C0002F17F /* Sources */ = {
			isa = PBXSourcesBuildPhase;
			buildActionMask = 2147483647;
			files = (
				4DB653FC1D1C840C0002F17F /* ViewController.swift in Sources */,
				4DB653FA1D1C840C0002F17F /* AppDelegate.swift in Sources */,
				4DB654021D1C840C0002F17F /* DongerKeyboard.xcdatamodeld in Sources */,
			);
			runOnlyForDeploymentPostprocessing = 0;
		};
		4DB654091D1C840D0002F17F /* Sources */ = {
			isa = PBXSourcesBuildPhase;
			buildActionMask = 2147483647;
			files = (
				4DB654121D1C840D0002F17F /* DongerKeyboardTests.swift in Sources */,
			);
			runOnlyForDeploymentPostprocessing = 0;
		};
		4DB654141D1C840D0002F17F /* Sources */ = {
			isa = PBXSourcesBuildPhase;
			buildActionMask = 2147483647;
			files = (
				4DB6541D1D1C840D0002F17F /* DongerKeyboardUITests.swift in Sources */,
			);
			runOnlyForDeploymentPostprocessing = 0;
		};
/* End PBXSourcesBuildPhase section */

/* Begin PBXTargetDependency section */
		4DB6540F1D1C840D0002F17F /* PBXTargetDependency */ = {
			isa = PBXTargetDependency;
			target = 4DB653F51D1C840C0002F17F /* DongerKeyboard */;
			targetProxy = 4DB6540E1D1C840D0002F17F /* PBXContainerItemProxy */;
		};
		4DB6541A1D1C840D0002F17F /* PBXTargetDependency */ = {
			isa = PBXTargetDependency;
			target = 4DB653F51D1C840C0002F17F /* DongerKeyboard */;
			targetProxy = 4DB654191D1C840D0002F17F /* PBXContainerItemProxy */;
		};
/* End PBXTargetDependency section */

/* Begin PBXVariantGroup section */
		4DB653FD1D1C840C0002F17F /* Main.storyboard */ = {
			isa = PBXVariantGroup;
			children = (
				4DB653FE1D1C840C0002F17F /* Base */,
			);
			name = Main.storyboard;
			sourceTree = "<group>";
		};
		4DB654051D1C840C0002F17F /* LaunchScreen.storyboard */ = {
			isa = PBXVariantGroup;
			children = (
				4DB654061D1C840C0002F17F /* Base */,
			);
			name = LaunchScreen.storyboard;
			sourceTree = "<group>";
		};
/* End PBXVariantGroup section */

/* Begin XCBuildConfiguration section */
		4DB6541F1D1C840D0002F17F /* Debug */ = {
			isa = XCBuildConfiguration;
			buildSettings = {
				ALWAYS_SEARCH_USER_PATHS = NO;
				CLANG_ANALYZER_NONNULL = YES;
				CLANG_CXX_LANGUAGE_STANDARD = "gnu++0x";
				CLANG_CXX_LIBRARY = "libc++";
				CLANG_ENABLE_MODULES = YES;
				CLANG_ENABLE_OBJC_ARC = YES;
				CLANG_WARN_BOOL_CONVERSION = YES;
				CLANG_WARN_CONSTANT_CONVERSION = YES;
				CLANG_WARN_DIRECT_OBJC_ISA_USAGE = YES_ERROR;
				CLANG_WARN_EMPTY_BODY = YES;
				CLANG_WARN_ENUM_CONVERSION = YES;
				CLANG_WARN_INT_CONVERSION = YES;
				CLANG_WARN_OBJC_ROOT_CLASS = YES_ERROR;
				CLANG_WARN_UNREACHABLE_CODE = YES;
				CLANG_WARN__DUPLICATE_METHOD_MATCH = YES;
				"CODE_SIGN_IDENTITY[sdk=iphoneos*]" = "iPhone Developer";
				COPY_PHASE_STRIP = NO;
				DEBUG_INFORMATION_FORMAT = dwarf;
				ENABLE_STRICT_OBJC_MSGSEND = YES;
				ENABLE_TESTABILITY = YES;
				GCC_C_LANGUAGE_STANDARD = gnu99;
				GCC_DYNAMIC_NO_PIC = NO;
				GCC_NO_COMMON_BLOCKS = YES;
				GCC_OPTIMIZATION_LEVEL = 0;
				GCC_PREPROCESSOR_DEFINITIONS = (
					"DEBUG=1",
					"$(inherited)",
				);
				GCC_WARN_64_TO_32_BIT_CONVERSION = YES;
				GCC_WARN_ABOUT_RETURN_TYPE = YES_ERROR;
				GCC_WARN_UNDECLARED_SELECTOR = YES;
				GCC_WARN_UNINITIALIZED_AUTOS = YES_AGGRESSIVE;
				GCC_WARN_UNUSED_FUNCTION = YES;
				GCC_WARN_UNUSED_VARIABLE = YES;
				IPHONEOS_DEPLOYMENT_TARGET = 9.3;
				MTL_ENABLE_DEBUG_INFO = YES;
				ONLY_ACTIVE_ARCH = YES;
				SDKROOT = iphoneos;
				SWIFT_OPTIMIZATION_LEVEL = "-Onone";
				TARGETED_DEVICE_FAMILY = "1,2";
			};
			name = Debug;
		};
		4DB654201D1C840D0002F17F /* Release */ = {
			isa = XCBuildConfiguration;
			buildSettings = {
				ALWAYS_SEARCH_USER_PATHS = NO;
				CLANG_ANALYZER_NONNULL = YES;
				CLANG_CXX_LANGUAGE_STANDARD = "gnu++0x";
				CLANG_CXX_LIBRARY = "libc++";
				CLANG_ENABLE_MODULES = YES;
				CLANG_ENABLE_OBJC_ARC = YES;
				CLANG_WARN_BOOL_CONVERSION = YES;
				CLANG_WARN_CONSTANT_CONVERSION = YES;
				CLANG_WARN_DIRECT_OBJC_ISA_USAGE = YES_ERROR;
				CLANG_WARN_EMPTY_BODY = YES;
				CLANG_WARN_ENUM_CONVERSION = YES;
				CLANG_WARN_INT_CONVERSION = YES;
				CLANG_WARN_OBJC_ROOT_CLASS = YES_ERROR;
				CLANG_WARN_UNREACHABLE_CODE = YES;
				CLANG_WARN__DUPLICATE_METHOD_MATCH = YES;
				"CODE_SIGN_IDENTITY[sdk=iphoneos*]" = "iPhone Developer";
				COPY_PHASE_STRIP = NO;
				DEBUG_INFORMATION_FORMAT = "dwarf-with-dsym";
				ENABLE_NS_ASSERTIONS = NO;
				ENABLE_STRICT_OBJC_MSGSEND = YES;
				GCC_C_LANGUAGE_STANDARD = gnu99;
				GCC_NO_COMMON_BLOCKS = YES;
				GCC_WARN_64_TO_32_BIT_CONVERSION = YES;
				GCC_WARN_ABOUT_RETURN_TYPE = YES_ERROR;
				GCC_WARN_UNDECLARED_SELECTOR = YES;
				GCC_WARN_UNINITIALIZED_AUTOS = YES_AGGRESSIVE;
				GCC_WARN_UNUSED_FUNCTION = YES;
				GCC_WARN_UNUSED_VARIABLE = YES;
				IPHONEOS_DEPLOYMENT_TARGET = 9.3;
				MTL_ENABLE_DEBUG_INFO = NO;
				SDKROOT = iphoneos;
				TARGETED_DEVICE_FAMILY = "1,2";
				VALIDATE_PRODUCT = YES;
			};
			name = Release;
		};
		4DB654221D1C840D0002F17F /* Debug */ = {
			isa = XCBuildConfiguration;
			buildSettings = {
				ASSETCATALOG_COMPILER_APPICON_NAME = AppIcon;
				INFOPLIST_FILE = DongerKeyboard/Info.plist;
				LD_RUNPATH_SEARCH_PATHS = "$(inherited) @executable_path/Frameworks";
				PRODUCT_BUNDLE_IDENTIFIER = com.snackpackgames.apps.DongerKeyboard;
				PRODUCT_NAME = "$(TARGET_NAME)";
			};
			name = Debug;
		};
		4DB654231D1C840D0002F17F /* Release */ = {
			isa = XCBuildConfiguration;
			buildSettings = {
				ASSETCATALOG_COMPILER_APPICON_NAME = AppIcon;
				INFOPLIST_FILE = DongerKeyboard/Info.plist;
				LD_RUNPATH_SEARCH_PATHS = "$(inherited) @executable_path/Frameworks";
				PRODUCT_BUNDLE_IDENTIFIER = com.snackpackgames.apps.DongerKeyboard;
				PRODUCT_NAME = "$(TARGET_NAME)";
			};
			name = Release;
		};
		4DB654251D1C840D0002F17F /* Debug */ = {
			isa = XCBuildConfiguration;
			buildSettings = {
				BUNDLE_LOADER = "$(TEST_HOST)";
				INFOPLIST_FILE = DongerKeyboardTests/Info.plist;
				LD_RUNPATH_SEARCH_PATHS = "$(inherited) @executable_path/Frameworks @loader_path/Frameworks";
				PRODUCT_BUNDLE_IDENTIFIER = com.snackpackgames.apps.DongerKeyboardTests;
				PRODUCT_NAME = "$(TARGET_NAME)";
				TEST_HOST = "$(BUILT_PRODUCTS_DIR)/DongerKeyboard.app/DongerKeyboard";
			};
			name = Debug;
		};
		4DB654261D1C840D0002F17F /* Release */ = {
			isa = XCBuildConfiguration;
			buildSettings = {
				BUNDLE_LOADER = "$(TEST_HOST)";
				INFOPLIST_FILE = DongerKeyboardTests/Info.plist;
				LD_RUNPATH_SEARCH_PATHS = "$(inherited) @executable_path/Frameworks @loader_path/Frameworks";
				PRODUCT_BUNDLE_IDENTIFIER = com.snackpackgames.apps.DongerKeyboardTests;
				PRODUCT_NAME = "$(TARGET_NAME)";
				TEST_HOST = "$(BUILT_PRODUCTS_DIR)/DongerKeyboard.app/DongerKeyboard";
			};
			name = Release;
		};
		4DB654281D1C840D0002F17F /* Debug */ = {
			isa = XCBuildConfiguration;
			buildSettings = {
				INFOPLIST_FILE = DongerKeyboardUITests/Info.plist;
				LD_RUNPATH_SEARCH_PATHS = "$(inherited) @executable_path/Frameworks @loader_path/Frameworks";
				PRODUCT_BUNDLE_IDENTIFIER = com.snackpackgames.apps.DongerKeyboardUITests;
				PRODUCT_NAME = "$(TARGET_NAME)";
				TEST_TARGET_NAME = DongerKeyboard;
			};
			name = Debug;
		};
		4DB654291D1C840D0002F17F /* Release */ = {
			isa = XCBuildConfiguration;
			buildSettings = {
				INFOPLIST_FILE = DongerKeyboardUITests/Info.plist;
				LD_RUNPATH_SEARCH_PATHS = "$(inherited) @executable_path/Frameworks @loader_path/Frameworks";
				PRODUCT_BUNDLE_IDENTIFIER = com.snackpackgames.apps.DongerKeyboardUITests;
				PRODUCT_NAME = "$(TARGET_NAME)";
				TEST_TARGET_NAME = DongerKeyboard;
			};
			name = Release;
		};
/* End XCBuildConfiguration section */

/* Begin XCConfigurationList section */
		4DB653F11D1C840C0002F17F /* Build configuration list for PBXProject "DongerKeyboard" */ = {
			isa = XCConfigurationList;
			buildConfigurations = (
				4DB6541F1D1C840D0002F17F /* Debug */,
				4DB654201D1C840D0002F17F /* Release */,
			);
			defaultConfigurationIsVisible = 0;
			defaultConfigurationName = Release;
		};
		4DB654211D1C840D0002F17F /* Build configuration list for PBXNativeTarget "DongerKeyboard" */ = {
			isa = XCConfigurationList;
			buildConfigurations = (
				4DB654221D1C840D0002F17F /* Debug */,
				4DB654231D1C840D0002F17F /* Release */,
			);
			defaultConfigurationIsVisible = 0;
		};
		4DB654241D1C840D0002F17F /* Build configuration list for PBXNativeTarget "DongerKeyboardTests" */ = {
			isa = XCConfigurationList;
			buildConfigurations = (
				4DB654251D1C840D0002F17F /* Debug */,
				4DB654261D1C840D0002F17F /* Release */,
			);
			defaultConfigurationIsVisible = 0;
		};
		4DB654271D1C840D0002F17F /* Build configuration list for PBXNativeTarget "DongerKeyboardUITests" */ = {
			isa = XCConfigurationList;
			buildConfigurations = (
				4DB654281D1C840D0002F17F /* Debug */,
				4DB654291D1C840D0002F17F /* Release */,
			);
			defaultConfigurationIsVisible = 0;
		};
/* End XCConfigurationList section */

/* Begin XCVersionGroup section */
		4DB654001D1C840C0002F17F /* DongerKeyboard.xcdatamodeld */ = {
			isa = XCVersionGroup;
			children = (
				4DB654011D1C840C0002F17F /* DongerKeyboard.xcdatamodel */,
			);
			currentVersion = 4DB654011D1C840C0002F17F /* DongerKeyboard.xcdatamodel */;
			path = DongerKeyboard.xcdatamodeld;
			sourceTree = "<group>";
			versionGroupType = wrapper.xcdatamodel;
		};
/* End XCVersionGroup section */
	};
	rootObject = 4DB653EE1D1C840C0002F17F /* Project object */;
}
